
Microsoft Visual Studio Solution File, Format Version 12.00
# Visual Studio Version 16
VisualStudioVersion = 16.0.34407.143
MinimumVisualStudioVersion = 10.0.40219.1
Project("{FAE04EC0-301F-11D3-BF4B-00C04F79EFBC}") = "RESTaurant", "RESTaurant\RESTaurant.csproj", "{CADCFA24-5D81-48B8-8421-662220FC4885}"
EndProject
Global
	GlobalSection(SolutionConfigurationPlatforms) = preSolution
		Debug|Any CPU = Debug|Any CPU
		Release|Any CPU = Release|Any CPU
	EndGlobalSection
	GlobalSection(ProjectConfigurationPlatforms) = postSolution
		{CADCFA24-5D81-48B8-8421-662220FC4885}.Debug|Any CPU.ActiveCfg = Debug|Any CPU
		{CADCFA24-5D81-48B8-8421-662220FC4885}.Debug|Any CPU.Build.0 = Debug|Any CPU
		{CADCFA24-5D81-48B8-8421-662220FC4885}.Release|Any CPU.ActiveCfg = Release|Any CPU
		{CADCFA24-5D81-48B8-8421-662220FC4885}.Release|Any CPU.Build.0 = Release|Any CPU
	EndGlobalSection
	GlobalSection(SolutionProperties) = preSolution
		HideSolutionNode = FALSE
	EndGlobalSection
	GlobalSection(ExtensibilityGlobals) = postSolution
		SolutionGuid = {C77A838D-4A29-4F72-A009-5DDADD99F7E7}
	EndGlobalSection
EndGlobal
